
Microsoft Visual Studio Solution File, Format Version 12.00
# Visual Studio Version 17
VisualStudioVersion = 17.2.32526.322
MinimumVisualStudioVersion = 10.0.40219.1
Project("{FAE04EC0-301F-11D3-BF4B-00C04F79EFBC}") = "TransHostCore21Compatible", "TransHostCore21Compatible\TransHostCore21Compatible.csproj", "{04F0FBF8-B08F-45DE-AD1E-E8C49198F77C}"
EndProject
Global
	GlobalSection(SolutionConfigurationPlatforms) = preSolution
		Debug|Any CPU = Debug|Any CPU
		Release|Any CPU = Release|Any CPU
	EndGlobalSection
	GlobalSection(ProjectConfigurationPlatforms) = postSolution
		{04F0FBF8-B08F-45DE-AD1E-E8C49198F77C}.Debug|Any CPU.ActiveCfg = Debug|Any CPU
		{04F0FBF8-B08F-45DE-AD1E-E8C49198F77C}.Debug|Any CPU.Build.0 = Debug|Any CPU
		{04F0FBF8-B08F-45DE-AD1E-E8C49198F77C}.Release|Any CPU.ActiveCfg = Release|Any CPU
		{04F0FBF8-B08F-45DE-AD1E-E8C49198F77C}.Release|Any CPU.Build.0 = Release|Any CPU
	EndGlobalSection
	GlobalSection(SolutionProperties) = preSolution
		HideSolutionNode = FALSE
	EndGlobalSection
	GlobalSection(ExtensibilityGlobals) = postSolution
		SolutionGuid = {EE23D3D3-2A1F-4F64-92D8-13828FD8F0F8}
	EndGlobalSection
EndGlobal
